
Microsoft Visual Studio Solution File, Format Version 9.00
# Visual C++ Express 2005
Project("{8BC9CEB8-8B4A-11D0-8D11-00A0C91BC942}") = "ZedGraphSampleVC", "ZedGraphSampleVC\ZedGraphSampleVC.vcproj", "{9008EEAC-97C6-4D35-96B4-794BCC142807}"
EndProject
Global
	GlobalSection(SolutionConfigurationPlatforms) = preSolution
		Debug|Win32 = Debug|Win32
		Release|Win32 = Release|Win32
	EndGlobalSection
	GlobalSection(ProjectConfigurationPlatforms) = postSolution
		{9008EEAC-97C6-4D35-96B4-794BCC142807}.Debug|Win32.ActiveCfg = Debug|Win32
		{9008EEAC-97C6-4D35-96B4-794BCC142807}.Debug|Win32.Build.0 = Debug|Win32
		{9008EEAC-97C6-4D35-96B4-794BCC142807}.Release|Win32.ActiveCfg = Release|Win32
		{9008EEAC-97C6-4D35-96B4-794BCC142807}.Release|Win32.Build.0 = Release|Win32
	EndGlobalSection
	GlobalSection(SolutionProperties) = preSolution
		HideSolutionNode = FALSE
	EndGlobalSection
EndGlobal
